// !$*UTF8*$!
{
	archiveVersion = 1;
	classes = {
	};
	objectVersion = 50;
	objects = {

/* Begin PBXBuildFile section */
		105D4D94253539480062B0E3 /* OperatorSampleTests.swift in Sources */ = {isa = PBXBuildFile; fileRef = 105D4D93253539480062B0E3 /* OperatorSampleTests.swift */; };
		105D4D982535394F0062B0E3 /* OperatorSample.swift in Sources */ = {isa = PBXBuildFile; fileRef = C62581DE252EEF00009C884C /* OperatorSample.swift */; };
		C60380272577321700466238 /* Sec16ViewController2.swift in Sources */ = {isa = PBXBuildFile; fileRef = C60380262577321700466238 /* Sec16ViewController2.swift */; };
		C603F369253023F70005F46F /* FunctionSample.swift in Sources */ = {isa = PBXBuildFile; fileRef = C603F368253023F70005F46F /* FunctionSample.swift */; };
		C608B9692546A55100098140 /* ClassSample.swift in Sources */ = {isa = PBXBuildFile; fileRef = C608B9682546A55100098140 /* ClassSample.swift */; };
		C61431212549059600642F07 /* NewGame.swift in Sources */ = {isa = PBXBuildFile; fileRef = C61431202549059600642F07 /* NewGame.swift */; };
		C61431262549080900642F07 /* GameProtocol.swift in Sources */ = {isa = PBXBuildFile; fileRef = C61431252549080900642F07 /* GameProtocol.swift */; };
		C61431312549303200642F07 /* EnumSample.swift in Sources */ = {isa = PBXBuildFile; fileRef = C61431302549303200642F07 /* EnumSample.swift */; };
		C614EDBC255CFAD10047920D /* Sec13ViewController.swift in Sources */ = {isa = PBXBuildFile; fileRef = C614EDBB255CFAD10047920D /* Sec13ViewController.swift */; };
		C61520002574BDE800DEAB0D /* Sec15ViewController4.swift in Sources */ = {isa = PBXBuildFile; fileRef = C6151FFF2574BDE800DEAB0D /* Sec15ViewController4.swift */; };
		C615A57E253E81640011B547 /* SetSample.swift in Sources */ = {isa = PBXBuildFile; fileRef = C615A57D253E81640011B547 /* SetSample.swift */; };
		C615B68A252AEFD5008D3F0C /* AppDelegate.swift in Sources */ = {isa = PBXBuildFile; fileRef = C615B689252AEFD5008D3F0C /* AppDelegate.swift */; };
		C615B68C252AEFD5008D3F0C /* SceneDelegate.swift in Sources */ = {isa = PBXBuildFile; fileRef = C615B68B252AEFD5008D3F0C /* SceneDelegate.swift */; };
		C615B68E252AEFD5008D3F0C /* ViewController.swift in Sources */ = {isa = PBXBuildFile; fileRef = C615B68D252AEFD5008D3F0C /* ViewController.swift */; };
		C615B691252AEFD5008D3F0C /* Main.storyboard in Resources */ = {isa = PBXBuildFile; fileRef = C615B68F252AEFD5008D3F0C /* Main.storyboard */; };
		C615B693252AEFD5008D3F0C /* Assets.xcassets in Resources */ = {isa = PBXBuildFile; fileRef = C615B692252AEFD5008D3F0C /* Assets.xcassets */; };
		C615B696252AEFD5008D3F0C /* LaunchScreen.storyboard in Resources */ = {isa = PBXBuildFile; fileRef = C615B694252AEFD5008D3F0C /* LaunchScreen.storyboard */; };
		C615B6AC252AEFD5008D3F0C /* SwiftStudyUITests.swift in Sources */ = {isa = PBXBuildFile; fileRef = C615B6AB252AEFD5008D3F0C /* SwiftStudyUITests.swift */; };
		C6174A492537C30E00C1CF8F /* ArraySample.swift in Sources */ = {isa = PBXBuildFile; fileRef = C6174A482537C30E00C1CF8F /* ArraySample.swift */; };
		C6174A4E2539432E00C1CF8F /* DictionarySample.swift in Sources */ = {isa = PBXBuildFile; fileRef = C6174A4D2539432E00C1CF8F /* DictionarySample.swift */; };
		C61B51D225786E920043A974 /* Sec16ViewController3.swift in Sources */ = {isa = PBXBuildFile; fileRef = C673BBC025776341004C2EE0 /* Sec16ViewController3.swift */; };
		C61B51D825786EEA0043A974 /* ColorDeciderTest.swift in Sources */ = {isa = PBXBuildFile; fileRef = C61B51D625786EEA0043A974 /* ColorDeciderTest.swift */; };
		C61B51E3257877FB0043A974 /* ColorDecider.swift in Sources */ = {isa = PBXBuildFile; fileRef = C61B51E2257877FB0043A974 /* ColorDecider.swift */; };
		C61B51E4257877FB0043A974 /* ColorDecider.swift in Sources */ = {isa = PBXBuildFile; fileRef = C61B51E2257877FB0043A974 /* ColorDecider.swift */; };
		C6226A1A2535383600E2B794 /* StringSample.swift in Sources */ = {isa = PBXBuildFile; fileRef = C6226A192535383600E2B794 /* StringSample.swift */; };
		C6226A1F253541D400E2B794 /* FunctionSampleTest.swift in Sources */ = {isa = PBXBuildFile; fileRef = C6226A1E253541D400E2B794 /* FunctionSampleTest.swift */; };
		C6226A2625354AE400E2B794 /* FunctionSample.swift in Sources */ = {isa = PBXBuildFile; fileRef = C603F368253023F70005F46F /* FunctionSample.swift */; };
		C62581D5252EEB65009C884C /* SwitchSample.swift in Sources */ = {isa = PBXBuildFile; fileRef = C62581D4252EEB65009C884C /* SwitchSample.swift */; };
		C62581DA252EED99009C884C /* IfSample.swift in Sources */ = {isa = PBXBuildFile; fileRef = C62581D9252EED99009C884C /* IfSample.swift */; };
		C62581DF252EEF00009C884C /* OperatorSample.swift in Sources */ = {isa = PBXBuildFile; fileRef = C62581DE252EEF00009C884C /* OperatorSample.swift */; };
		C62581E4252EF0EC009C884C /* ForSample.swift in Sources */ = {isa = PBXBuildFile; fileRef = C62581E3252EF0EC009C884C /* ForSample.swift */; };
		C62581E9252EF18A009C884C /* WhileSample.swift in Sources */ = {isa = PBXBuildFile; fileRef = C62581E8252EF18A009C884C /* WhileSample.swift */; };
		C62581EE252EF247009C884C /* LoopOptionSample.swift in Sources */ = {isa = PBXBuildFile; fileRef = C62581ED252EF247009C884C /* LoopOptionSample.swift */; };
		C6260CF62565006D00167D5F /* Sec13ViewController8.swift in Sources */ = {isa = PBXBuildFile; fileRef = C6260CF52565006D00167D5F /* Sec13ViewController8.swift */; };
		C6266922255E60A9003B6E28 /* Sec13ViewController2.swift in Sources */ = {isa = PBXBuildFile; fileRef = C6266921255E60A9003B6E28 /* Sec13ViewController2.swift */; };
		C63084AD2579DB4E006B9F80 /* Sec18ViewController4.swift in Sources */ = {isa = PBXBuildFile; fileRef = C63084AC2579DB4E006B9F80 /* Sec18ViewController4.swift */; };
		C630E43D2547B2A300444C22 /* Circle.swift in Sources */ = {isa = PBXBuildFile; fileRef = C630E43C2547B2A300444C22 /* Circle.swift */; };
		C630E4422547C0A200444C22 /* Player.swift in Sources */ = {isa = PBXBuildFile; fileRef = C630E4412547C0A200444C22 /* Player.swift */; };
		C630E44A2547D5DC00444C22 /* Car.swift in Sources */ = {isa = PBXBuildFile; fileRef = C630E4492547D5DC00444C22 /* Car.swift */; };
		C630E44F2547DA4000444C22 /* Game.swift in Sources */ = {isa = PBXBuildFile; fileRef = C630E44E2547DA4000444C22 /* Game.swift */; };
		C63DC01A25528ABA009A624E /* Sec11ViewController.swift in Sources */ = {isa = PBXBuildFile; fileRef = C63DC01925528ABA009A624E /* Sec11ViewController.swift */; };
		C64251CC25709B370088DB09 /* Chapter11.storyboard in Resources */ = {isa = PBXBuildFile; fileRef = C64251CB25709B370088DB09 /* Chapter11.storyboard */; };
		C64251D425709BBA0088DB09 /* Chapter12.storyboard in Resources */ = {isa = PBXBuildFile; fileRef = C64251D325709BBA0088DB09 /* Chapter12.storyboard */; };
		C64251D925709BF60088DB09 /* Chapter13.storyboard in Resources */ = {isa = PBXBuildFile; fileRef = C64251D825709BF60088DB09 /* Chapter13.storyboard */; };
		C64251DE25709C110088DB09 /* Chapter14.storyboard in Resources */ = {isa = PBXBuildFile; fileRef = C64251DD25709C110088DB09 /* Chapter14.storyboard */; };
		C64251EF2570B2D30088DB09 /* Chapter15.storyboard in Resources */ = {isa = PBXBuildFile; fileRef = C64251EE2570B2D30088DB09 /* Chapter15.storyboard */; };
		C64251F42570B3B70088DB09 /* Sec15ViewController.swift in Sources */ = {isa = PBXBuildFile; fileRef = C64251F32570B3B70088DB09 /* Sec15ViewController.swift */; };
		C644387F257F3F8700A6B7FB /* FileOperator.swift in Sources */ = {isa = PBXBuildFile; fileRef = C644387E257F3F8700A6B7FB /* FileOperator.swift */; };
		C661D0D82574976E000AFD85 /* Sec15ViewController2.swift in Sources */ = {isa = PBXBuildFile; fileRef = C661D0D72574976E000AFD85 /* Sec15ViewController2.swift */; };
		C661D0E92574ADF9000AFD85 /* Sec15ViewController3.swift in Sources */ = {isa = PBXBuildFile; fileRef = C661D0E82574ADF9000AFD85 /* Sec15ViewController3.swift */; };
		C673BBC125776341004C2EE0 /* Sec16ViewController3.swift in Sources */ = {isa = PBXBuildFile; fileRef = C673BBC025776341004C2EE0 /* Sec16ViewController3.swift */; };
		C673BBC625776394004C2EE0 /* Sec16ViewController4.swift in Sources */ = {isa = PBXBuildFile; fileRef = C673BBC525776394004C2EE0 /* Sec16ViewController4.swift */; };
		C67833DC2554E3F000DE7E54 /* Sec12ViewController3.swift in Sources */ = {isa = PBXBuildFile; fileRef = C67833DB2554E3F000DE7E54 /* Sec12ViewController3.swift */; };
		C683A6B725788C0A00EF8EDE /* Chapter18.storyboard in Resources */ = {isa = PBXBuildFile; fileRef = C683A6B625788C0A00EF8EDE /* Chapter18.storyboard */; };
		C683A6BD25788C6A00EF8EDE /* Sec18ViewController.swift in Sources */ = {isa = PBXBuildFile; fileRef = C683A6BC25788C6A00EF8EDE /* Sec18ViewController.swift */; };
		C683A6C52578CA4500EF8EDE /* Sec18ViewController2.swift in Sources */ = {isa = PBXBuildFile; fileRef = C683A6C42578CA4500EF8EDE /* Sec18ViewController2.swift */; };
		C695A67125806C3200577503 /* Sec19ViewController3.swift in Sources */ = {isa = PBXBuildFile; fileRef = C695A67025806C3200577503 /* Sec19ViewController3.swift */; };
		C6978DD52563653300172DDA /* Sec13ViewController6.swift in Sources */ = {isa = PBXBuildFile; fileRef = C6978DD42563653300172DDA /* Sec13ViewController6.swift */; };
		C699C6C52553B96000D5EC92 /* Sec12ViewController.swift in Sources */ = {isa = PBXBuildFile; fileRef = C699C6C42553B96000D5EC92 /* Sec12ViewController.swift */; };
		C699C6CA2553D59A00D5EC92 /* Sec12ViewController2.swift in Sources */ = {isa = PBXBuildFile; fileRef = C699C6C92553D59A00D5EC92 /* Sec12ViewController2.swift */; };
		C69BFA6B253FF8DD003DBF87 /* OptionalSample.swift in Sources */ = {isa = PBXBuildFile; fileRef = C69BFA6A253FF8DD003DBF87 /* OptionalSample.swift */; };
		C6B1B59B254A9682008C6DC6 /* StructSample.swift in Sources */ = {isa = PBXBuildFile; fileRef = C6B1B59A254A9682008C6DC6 /* StructSample.swift */; };
		C6B9A306256DF889001C4AF6 /* Sec14ViewController.swift in Sources */ = {isa = PBXBuildFile; fileRef = C6B9A305256DF889001C4AF6 /* Sec14ViewController.swift */; };
		C6B9A30B256E1293001C4AF6 /* Sec14ViewController2.swift in Sources */ = {isa = PBXBuildFile; fileRef = C6B9A30A256E1293001C4AF6 /* Sec14ViewController2.swift */; };
		C6B9A313256E13B4001C4AF6 /* WebListTableViewController.swift in Sources */ = {isa = PBXBuildFile; fileRef = C6B9A312256E13B4001C4AF6 /* WebListTableViewController.swift */; };
		C6C0D05825621FC3006E2195 /* Sec13ViewController3.swift in Sources */ = {isa = PBXBuildFile; fileRef = C6C0D05725621FC3006E2195 /* Sec13ViewController3.swift */; };
		C6C0D05D25623B94006E2195 /* Sec13ViewController4.swift in Sources */ = {isa = PBXBuildFile; fileRef = C6C0D05C25623B94006E2195 /* Sec13ViewController4.swift */; };
		C6C0D065256249D6006E2195 /* Sec13ViewController5.swift in Sources */ = {isa = PBXBuildFile; fileRef = C6C0D064256249D6006E2195 /* Sec13ViewController5.swift */; };
		C6C82E2C257F45A600F0E77C /* Chapter19-1.storyboard in Resources */ = {isa = PBXBuildFile; fileRef = C6C82E2B257F45A600F0E77C /* Chapter19-1.storyboard */; };
		C6C82E32257F461200F0E77C /* Sec19ViewController.swift in Sources */ = {isa = PBXBuildFile; fileRef = C6C82E31257F461200F0E77C /* Sec19ViewController.swift */; };
		C6C82E40257F563400F0E77C /* Sec19ViewController2.swift in Sources */ = {isa = PBXBuildFile; fileRef = C6C82E3F257F563400F0E77C /* Sec19ViewController2.swift */; };
		C6D8417C2579CD2700DC7AA9 /* Sec18ViewController3.swift in Sources */ = {isa = PBXBuildFile; fileRef = C6D8417B2579CD2700DC7AA9 /* Sec18ViewController3.swift */; };
		C6DD4D5A255A258000714A56 /* Sec12ViewController4.swift in Sources */ = {isa = PBXBuildFile; fileRef = C6DD4D59255A258000714A56 /* Sec12ViewController4.swift */; };
		C6DD4D62255A385500714A56 /* BorderedLabel.swift in Sources */ = {isa = PBXBuildFile; fileRef = C6DD4D61255A385500714A56 /* BorderedLabel.swift */; };
		C6E27425256F6ABB00C35660 /* MyTabBarController.swift in Sources */ = {isa = PBXBuildFile; fileRef = C6E27424256F6ABB00C35660 /* MyTabBarController.swift */; };
		C6EDFCE42577247700BE3623 /* Chapter16.storyboard in Resources */ = {isa = PBXBuildFile; fileRef = C6EDFCE32577247700BE3623 /* Chapter16.storyboard */; };
		C6EDFCF2257725D700BE3623 /* Sec16ViewController.swift in Sources */ = {isa = PBXBuildFile; fileRef = C6EDFCF1257725D700BE3623 /* Sec16ViewController.swift */; };
/* End PBXBuildFile section */

/* Begin PBXContainerItemProxy section */
		C615B69D252AEFD5008D3F0C /* PBXContainerItemProxy */ = {
			isa = PBXContainerItemProxy;
			containerPortal = C615B67E252AEFD4008D3F0C /* Project object */;
			proxyType = 1;
			remoteGlobalIDString = C615B685252AEFD4008D3F0C;
			remoteInfo = SwiftStudy;
		};
		C615B6A8252AEFD5008D3F0C /* PBXContainerItemProxy */ = {
			isa = PBXContainerItemProxy;
			containerPortal = C615B67E252AEFD4008D3F0C /* Project object */;
			proxyType = 1;
			remoteGlobalIDString = C615B685252AEFD4008D3F0C;
			remoteInfo = SwiftStudy;
		};
/* End PBXContainerItemProxy section */

/* Begin PBXFileReference section */
		105D4D93253539480062B0E3 /* OperatorSampleTests.swift */ = {isa = PBXFileReference; lastKnownFileType = sourcecode.swift; path = OperatorSampleTests.swift; sourceTree = "<group>"; };
		C60380262577321700466238 /* Sec16ViewController2.swift */ = {isa = PBXFileReference; lastKnownFileType = sourcecode.swift; path = Sec16ViewController2.swift; sourceTree = "<group>"; };
		C603F368253023F70005F46F /* FunctionSample.swift */ = {isa = PBXFileReference; lastKnownFileType = sourcecode.swift; path = FunctionSample.swift; sourceTree = "<group>"; };
		C608B9682546A55100098140 /* ClassSample.swift */ = {isa = PBXFileReference; lastKnownFileType = sourcecode.swift; path = ClassSample.swift; sourceTree = "<group>"; };
		C61431202549059600642F07 /* NewGame.swift */ = {isa = PBXFileReference; lastKnownFileType = sourcecode.swift; path = NewGame.swift; sourceTree = "<group>"; };
		C61431252549080900642F07 /* GameProtocol.swift */ = {isa = PBXFileReference; lastKnownFileType = sourcecode.swift; path = GameProtocol.swift; sourceTree = "<group>"; };
		C61431302549303200642F07 /* EnumSample.swift */ = {isa = PBXFileReference; lastKnownFileType = sourcecode.swift; path = EnumSample.swift; sourceTree = "<group>"; };
		C614EDBB255CFAD10047920D /* Sec13ViewController.swift */ = {isa = PBXFileReference; lastKnownFileType = sourcecode.swift; path = Sec13ViewController.swift; sourceTree = "<group>"; };
		C6151FFF2574BDE800DEAB0D /* Sec15ViewController4.swift */ = {isa = PBXFileReference; lastKnownFileType = sourcecode.swift; path = Sec15ViewController4.swift; sourceTree = "<group>"; };
		C615A57D253E81640011B547 /* SetSample.swift */ = {isa = PBXFileReference; lastKnownFileType = sourcecode.swift; path = SetSample.swift; sourceTree = "<group>"; };
		C615B686252AEFD5008D3F0C /* SwiftStudy.app */ = {isa = PBXFileReference; explicitFileType = wrapper.application; includeInIndex = 0; path = SwiftStudy.app; sourceTree = BUILT_PRODUCTS_DIR; };
		C615B689252AEFD5008D3F0C /* AppDelegate.swift */ = {isa = PBXFileReference; lastKnownFileType = sourcecode.swift; path = AppDelegate.swift; sourceTree = "<group>"; };
		C615B68B252AEFD5008D3F0C /* SceneDelegate.swift */ = {isa = PBXFileReference; lastKnownFileType = sourcecode.swift; path = SceneDelegate.swift; sourceTree = "<group>"; };
		C615B68D252AEFD5008D3F0C /* ViewController.swift */ = {isa = PBXFileReference; lastKnownFileType = sourcecode.swift; path = ViewController.swift; sourceTree = "<group>"; };
		C615B690252AEFD5008D3F0C /* Base */ = {isa = PBXFileReference; lastKnownFileType = file.storyboard; name = Base; path = Base.lproj/Main.storyboard; sourceTree = "<group>"; };
		C615B692252AEFD5008D3F0C /* Assets.xcassets */ = {isa = PBXFileReference; lastKnownFileType = folder.assetcatalog; path = Assets.xcassets; sourceTree = "<group>"; };
		C615B695252AEFD5008D3F0C /* Base */ = {isa = PBXFileReference; lastKnownFileType = file.storyboard; name = Base; path = Base.lproj/LaunchScreen.storyboard; sourceTree = "<group>"; };
		C615B697252AEFD5008D3F0C /* Info.plist */ = {isa = PBXFileReference; lastKnownFileType = text.plist.xml; path = Info.plist; sourceTree = "<group>"; };
		C615B69C252AEFD5008D3F0C /* SwiftStudyTests.xctest */ = {isa = PBXFileReference; explicitFileType = wrapper.cfbundle; includeInIndex = 0; path = SwiftStudyTests.xctest; sourceTree = BUILT_PRODUCTS_DIR; };
		C615B6A2252AEFD5008D3F0C /* Info.plist */ = {isa = PBXFileReference; lastKnownFileType = text.plist.xml; path = Info.plist; sourceTree = "<group>"; };
		C615B6A7252AEFD5008D3F0C /* SwiftStudyUITests.xctest */ = {isa = PBXFileReference; explicitFileType = wrapper.cfbundle; includeInIndex = 0; path = SwiftStudyUITests.xctest; sourceTree = BUILT_PRODUCTS_DIR; };
		C615B6AB252AEFD5008D3F0C /* SwiftStudyUITests.swift */ = {isa = PBXFileReference; lastKnownFileType = sourcecode.swift; path = SwiftStudyUITests.swift; sourceTree = "<group>"; };
		C615B6AD252AEFD5008D3F0C /* Info.plist */ = {isa = PBXFileReference; lastKnownFileType = text.plist.xml; path = Info.plist; sourceTree = "<group>"; };
		C6174A482537C30E00C1CF8F /* ArraySample.swift */ = {isa = PBXFileReference; lastKnownFileType = sourcecode.swift; path = ArraySample.swift; sourceTree = "<group>"; };
		C6174A4D2539432E00C1CF8F /* DictionarySample.swift */ = {isa = PBXFileReference; lastKnownFileType = sourcecode.swift; path = DictionarySample.swift; sourceTree = "<group>"; };
		C61B51D625786EEA0043A974 /* ColorDeciderTest.swift */ = {isa = PBXFileReference; lastKnownFileType = sourcecode.swift; path = ColorDeciderTest.swift; sourceTree = "<group>"; };
		C61B51E2257877FB0043A974 /* ColorDecider.swift */ = {isa = PBXFileReference; fileEncoding = 4; lastKnownFileType = sourcecode.swift; path = ColorDecider.swift; sourceTree = "<group>"; };
		C6226A192535383600E2B794 /* StringSample.swift */ = {isa = PBXFileReference; lastKnownFileType = sourcecode.swift; path = StringSample.swift; sourceTree = "<group>"; };
		C6226A1E253541D400E2B794 /* FunctionSampleTest.swift */ = {isa = PBXFileReference; lastKnownFileType = sourcecode.swift; path = FunctionSampleTest.swift; sourceTree = "<group>"; };
		C62581D4252EEB65009C884C /* SwitchSample.swift */ = {isa = PBXFileReference; lastKnownFileType = sourcecode.swift; path = SwitchSample.swift; sourceTree = "<group>"; };
		C62581D9252EED99009C884C /* IfSample.swift */ = {isa = PBXFileReference; lastKnownFileType = sourcecode.swift; path = IfSample.swift; sourceTree = "<group>"; };
		C62581DE252EEF00009C884C /* OperatorSample.swift */ = {isa = PBXFileReference; lastKnownFileType = sourcecode.swift; path = OperatorSample.swift; sourceTree = "<group>"; };
		C62581E3252EF0EC009C884C /* ForSample.swift */ = {isa = PBXFileReference; lastKnownFileType = sourcecode.swift; path = ForSample.swift; sourceTree = "<group>"; };
		C62581E8252EF18A009C884C /* WhileSample.swift */ = {isa = PBXFileReference; lastKnownFileType = sourcecode.swift; path = WhileSample.swift; sourceTree = "<group>"; };
		C62581ED252EF247009C884C /* LoopOptionSample.swift */ = {isa = PBXFileReference; lastKnownFileType = sourcecode.swift; path = LoopOptionSample.swift; sourceTree = "<group>"; };
		C6260CF52565006D00167D5F /* Sec13ViewController8.swift */ = {isa = PBXFileReference; lastKnownFileType = sourcecode.swift; path = Sec13ViewController8.swift; sourceTree = "<group>"; };
		C6266921255E60A9003B6E28 /* Sec13ViewController2.swift */ = {isa = PBXFileReference; lastKnownFileType = sourcecode.swift; path = Sec13ViewController2.swift; sourceTree = "<group>"; };
		C63084AC2579DB4E006B9F80 /* Sec18ViewController4.swift */ = {isa = PBXFileReference; lastKnownFileType = sourcecode.swift; path = Sec18ViewController4.swift; sourceTree = "<group>"; };
		C630E43C2547B2A300444C22 /* Circle.swift */ = {isa = PBXFileReference; lastKnownFileType = sourcecode.swift; path = Circle.swift; sourceTree = "<group>"; };
		C630E4412547C0A200444C22 /* Player.swift */ = {isa = PBXFileReference; lastKnownFileType = sourcecode.swift; path = Player.swift; sourceTree = "<group>"; };
		C630E4492547D5DC00444C22 /* Car.swift */ = {isa = PBXFileReference; lastKnownFileType = sourcecode.swift; path = Car.swift; sourceTree = "<group>"; };
		C630E44E2547DA4000444C22 /* Game.swift */ = {isa = PBXFileReference; lastKnownFileType = sourcecode.swift; path = Game.swift; sourceTree = "<group>"; };
		C63DC01925528ABA009A624E /* Sec11ViewController.swift */ = {isa = PBXFileReference; lastKnownFileType = sourcecode.swift; path = Sec11ViewController.swift; sourceTree = "<group>"; };
		C64251CB25709B370088DB09 /* Chapter11.storyboard */ = {isa = PBXFileReference; lastKnownFileType = file.storyboard; path = Chapter11.storyboard; sourceTree = "<group>"; };
		C64251D325709BBA0088DB09 /* Chapter12.storyboard */ = {isa = PBXFileReference; lastKnownFileType = file.storyboard; path = Chapter12.storyboard; sourceTree = "<group>"; };
		C64251D825709BF60088DB09 /* Chapter13.storyboard */ = {isa = PBXFileReference; lastKnownFileType = file.storyboard; path = Chapter13.storyboard; sourceTree = "<group>"; };
		C64251DD25709C110088DB09 /* Chapter14.storyboard */ = {isa = PBXFileReference; lastKnownFileType = file.storyboard; path = Chapter14.storyboard; sourceTree = "<group>"; };
		C64251EE2570B2D30088DB09 /* Chapter15.storyboard */ = {isa = PBXFileReference; lastKnownFileType = file.storyboard; path = Chapter15.storyboard; sourceTree = "<group>"; };
		C64251F32570B3B70088DB09 /* Sec15ViewController.swift */ = {isa = PBXFileReference; lastKnownFileType = sourcecode.swift; path = Sec15ViewController.swift; sourceTree = "<group>"; };
		C644387E257F3F8700A6B7FB /* FileOperator.swift */ = {isa = PBXFileReference; lastKnownFileType = sourcecode.swift; path = FileOperator.swift; sourceTree = "<group>"; };
		C661D0D72574976E000AFD85 /* Sec15ViewController2.swift */ = {isa = PBXFileReference; lastKnownFileType = sourcecode.swift; path = Sec15ViewController2.swift; sourceTree = "<group>"; };
		C661D0E82574ADF9000AFD85 /* Sec15ViewController3.swift */ = {isa = PBXFileReference; lastKnownFileType = sourcecode.swift; path = Sec15ViewController3.swift; sourceTree = "<group>"; };
		C673BBC025776341004C2EE0 /* Sec16ViewController3.swift */ = {isa = PBXFileReference; lastKnownFileType = sourcecode.swift; path = Sec16ViewController3.swift; sourceTree = "<group>"; };
		C673BBC525776394004C2EE0 /* Sec16ViewController4.swift */ = {isa = PBXFileReference; lastKnownFileType = sourcecode.swift; path = Sec16ViewController4.swift; sourceTree = "<group>"; };
		C67833DB2554E3F000DE7E54 /* Sec12ViewController3.swift */ = {isa = PBXFileReference; lastKnownFileType = sourcecode.swift; path = Sec12ViewController3.swift; sourceTree = "<group>"; };
		C683A6B625788C0A00EF8EDE /* Chapter18.storyboard */ = {isa = PBXFileReference; lastKnownFileType = file.storyboard; path = Chapter18.storyboard; sourceTree = "<group>"; };
		C683A6BC25788C6A00EF8EDE /* Sec18ViewController.swift */ = {isa = PBXFileReference; lastKnownFileType = sourcecode.swift; path = Sec18ViewController.swift; sourceTree = "<group>"; };
		C683A6C42578CA4500EF8EDE /* Sec18ViewController2.swift */ = {isa = PBXFileReference; lastKnownFileType = sourcecode.swift; path = Sec18ViewController2.swift; sourceTree = "<group>"; };
		C695A67025806C3200577503 /* Sec19ViewController3.swift */ = {isa = PBXFileReference; lastKnownFileType = sourcecode.swift; path = Sec19ViewController3.swift; sourceTree = "<group>"; };
		C6978DD42563653300172DDA /* Sec13ViewController6.swift */ = {isa = PBXFileReference; lastKnownFileType = sourcecode.swift; path = Sec13ViewController6.swift; sourceTree = "<group>"; };
		C699C6C42553B96000D5EC92 /* Sec12ViewController.swift */ = {isa = PBXFileReference; lastKnownFileType = sourcecode.swift; path = Sec12ViewController.swift; sourceTree = "<group>"; };
		C699C6C92553D59A00D5EC92 /* Sec12ViewController2.swift */ = {isa = PBXFileReference; lastKnownFileType = sourcecode.swift; path = Sec12ViewController2.swift; sourceTree = "<group>"; };
		C69BFA6A253FF8DD003DBF87 /* OptionalSample.swift */ = {isa = PBXFileReference; lastKnownFileType = sourcecode.swift; path = OptionalSample.swift; sourceTree = "<group>"; };
		C6B1B59A254A9682008C6DC6 /* StructSample.swift */ = {isa = PBXFileReference; lastKnownFileType = sourcecode.swift; path = StructSample.swift; sourceTree = "<group>"; };
		C6B9A305256DF889001C4AF6 /* Sec14ViewController.swift */ = {isa = PBXFileReference; lastKnownFileType = sourcecode.swift; path = Sec14ViewController.swift; sourceTree = "<group>"; };
		C6B9A30A256E1293001C4AF6 /* Sec14ViewController2.swift */ = {isa = PBXFileReference; lastKnownFileType = sourcecode.swift; path = Sec14ViewController2.swift; sourceTree = "<group>"; };
		C6B9A312256E13B4001C4AF6 /* WebListTableViewController.swift */ = {isa = PBXFileReference; lastKnownFileType = sourcecode.swift; path = WebListTableViewController.swift; sourceTree = "<group>"; };
		C6C0D05725621FC3006E2195 /* Sec13ViewController3.swift */ = {isa = PBXFileReference; lastKnownFileType = sourcecode.swift; path = Sec13ViewController3.swift; sourceTree = "<group>"; };
		C6C0D05C25623B94006E2195 /* Sec13ViewController4.swift */ = {isa = PBXFileReference; lastKnownFileType = sourcecode.swift; path = Sec13ViewController4.swift; sourceTree = "<group>"; };
		C6C0D064256249D6006E2195 /* Sec13ViewController5.swift */ = {isa = PBXFileReference; lastKnownFileType = sourcecode.swift; path = Sec13ViewController5.swift; sourceTree = "<group>"; };
		C6C82E2B257F45A600F0E77C /* Chapter19-1.storyboard */ = {isa = PBXFileReference; lastKnownFileType = file.storyboard; path = "Chapter19-1.storyboard"; sourceTree = "<group>"; };
		C6C82E31257F461200F0E77C /* Sec19ViewController.swift */ = {isa = PBXFileReference; lastKnownFileType = sourcecode.swift; path = Sec19ViewController.swift; sourceTree = "<group>"; };
		C6C82E3F257F563400F0E77C /* Sec19ViewController2.swift */ = {isa = PBXFileReference; lastKnownFileType = sourcecode.swift; path = Sec19ViewController2.swift; sourceTree = "<group>"; };
		C6D8417B2579CD2700DC7AA9 /* Sec18ViewController3.swift */ = {isa = PBXFileReference; lastKnownFileType = sourcecode.swift; path = Sec18ViewController3.swift; sourceTree = "<group>"; };
		C6DD4D59255A258000714A56 /* Sec12ViewController4.swift */ = {isa = PBXFileReference; lastKnownFileType = sourcecode.swift; path = Sec12ViewController4.swift; sourceTree = "<group>"; };
		C6DD4D61255A385500714A56 /* BorderedLabel.swift */ = {isa = PBXFileReference; lastKnownFileType = sourcecode.swift; path = BorderedLabel.swift; sourceTree = "<group>"; };
		C6E27424256F6ABB00C35660 /* MyTabBarController.swift */ = {isa = PBXFileReference; lastKnownFileType = sourcecode.swift; path = MyTabBarController.swift; sourceTree = "<group>"; };
		C6EDFCE32577247700BE3623 /* Chapter16.storyboard */ = {isa = PBXFileReference; lastKnownFileType = file.storyboard; path = Chapter16.storyboard; sourceTree = "<group>"; };
		C6EDFCF1257725D700BE3623 /* Sec16ViewController.swift */ = {isa = PBXFileReference; lastKnownFileType = sourcecode.swift; name = Sec16ViewController.swift; path = SwiftStudy/Sec16ViewController.swift; sourceTree = SOURCE_ROOT; };
/* End PBXFileReference section */

/* Begin PBXFrameworksBuildPhase section */
		C615B683252AEFD4008D3F0C /* Frameworks */ = {
			isa = PBXFrameworksBuildPhase;
			buildActionMask = 2147483647;
			files = (
			);
			runOnlyForDeploymentPostprocessing = 0;
		};
		C615B699252AEFD5008D3F0C /* Frameworks */ = {
			isa = PBXFrameworksBuildPhase;
			buildActionMask = 2147483647;
			files = (
			);
			runOnlyForDeploymentPostprocessing = 0;
		};
		C615B6A4252AEFD5008D3F0C /* Frameworks */ = {
			isa = PBXFrameworksBuildPhase;
			buildActionMask = 2147483647;
			files = (
			);
			runOnlyForDeploymentPostprocessing = 0;
		};
/* End PBXFrameworksBuildPhase section */

/* Begin PBXGroup section */
		C615B67D252AEFD4008D3F0C = {
			isa = PBXGroup;
			children = (
				C615B688252AEFD5008D3F0C /* SwiftStudy */,
				C615B69F252AEFD5008D3F0C /* SwiftStudyTests */,
				C615B6AA252AEFD5008D3F0C /* SwiftStudyUITests */,
				C615B687252AEFD5008D3F0C /* Products */,
			);
			sourceTree = "<group>";
		};
		C615B687252AEFD5008D3F0C /* Products */ = {
			isa = PBXGroup;
			children = (
				C615B686252AEFD5008D3F0C /* SwiftStudy.app */,
				C615B69C252AEFD5008D3F0C /* SwiftStudyTests.xctest */,
				C615B6A7252AEFD5008D3F0C /* SwiftStudyUITests.xctest */,
			);
			name = Products;
			sourceTree = "<group>";
		};
		C615B688252AEFD5008D3F0C /* SwiftStudy */ = {
			isa = PBXGroup;
			children = (
				C64251CA25709AFD0088DB09 /* Storyboard */,
				C615B694252AEFD5008D3F0C /* LaunchScreen.storyboard */,
				C615B692252AEFD5008D3F0C /* Assets.xcassets */,
				C615B697252AEFD5008D3F0C /* Info.plist */,
				C615B68D252AEFD5008D3F0C /* ViewController.swift */,
				C661D0BE25748DD1000AFD85 /* Chapter10まで */,
				C661D0BD25748DAE000AFD85 /* Chapter11 */,
				C661D0BB25748CB5000AFD85 /* Chapter12 */,
				C661D0BC25748D00000AFD85 /* Chapter13 */,
				C661D0BF25748E42000AFD85 /* Chapter14 */,
				C661D0D32574966E000AFD85 /* Chapter15 */,
				C6EDFCED2577256600BE3623 /* Chapter16 */,
				C683A6BB25788C4000EF8EDE /* Chapter18 */,
				C6C82E30257F45CB00F0E77C /* Chapter19-1 */,
			);
			path = SwiftStudy;
			sourceTree = "<group>";
		};
		C615B69F252AEFD5008D3F0C /* SwiftStudyTests */ = {
			isa = PBXGroup;
			children = (
				C615B6A2252AEFD5008D3F0C /* Info.plist */,
				C6226A1E253541D400E2B794 /* FunctionSampleTest.swift */,
				105D4D93253539480062B0E3 /* OperatorSampleTests.swift */,
				C61B51D625786EEA0043A974 /* ColorDeciderTest.swift */,
			);
			path = SwiftStudyTests;
			sourceTree = "<group>";
		};
		C615B6AA252AEFD5008D3F0C /* SwiftStudyUITests */ = {
			isa = PBXGroup;
			children = (
				C615B6AB252AEFD5008D3F0C /* SwiftStudyUITests.swift */,
				C615B6AD252AEFD5008D3F0C /* Info.plist */,
			);
			path = SwiftStudyUITests;
			sourceTree = "<group>";
		};
		C64251CA25709AFD0088DB09 /* Storyboard */ = {
			isa = PBXGroup;
			children = (
				C615B68F252AEFD5008D3F0C /* Main.storyboard */,
				C64251CB25709B370088DB09 /* Chapter11.storyboard */,
				C64251D325709BBA0088DB09 /* Chapter12.storyboard */,
				C64251D825709BF60088DB09 /* Chapter13.storyboard */,
				C64251DD25709C110088DB09 /* Chapter14.storyboard */,
				C64251EE2570B2D30088DB09 /* Chapter15.storyboard */,
				C6EDFCE32577247700BE3623 /* Chapter16.storyboard */,
				C683A6B625788C0A00EF8EDE /* Chapter18.storyboard */,
				C6C82E2B257F45A600F0E77C /* Chapter19-1.storyboard */,
			);
			path = Storyboard;
			sourceTree = "<group>";
		};
		C661D0BB25748CB5000AFD85 /* Chapter12 */ = {
			isa = PBXGroup;
			children = (
				C699C6C42553B96000D5EC92 /* Sec12ViewController.swift */,
				C699C6C92553D59A00D5EC92 /* Sec12ViewController2.swift */,
				C67833DB2554E3F000DE7E54 /* Sec12ViewController3.swift */,
				C6DD4D59255A258000714A56 /* Sec12ViewController4.swift */,
				C6DD4D61255A385500714A56 /* BorderedLabel.swift */,
			);
			path = Chapter12;
			sourceTree = "<group>";
		};
		C661D0BC25748D00000AFD85 /* Chapter13 */ = {
			isa = PBXGroup;
			children = (
				C6C0D064256249D6006E2195 /* Sec13ViewController5.swift */,
				C614EDBB255CFAD10047920D /* Sec13ViewController.swift */,
				C6266921255E60A9003B6E28 /* Sec13ViewController2.swift */,
				C6C0D05C25623B94006E2195 /* Sec13ViewController4.swift */,
				C6978DD42563653300172DDA /* Sec13ViewController6.swift */,
				C6260CF52565006D00167D5F /* Sec13ViewController8.swift */,
				C6C0D05725621FC3006E2195 /* Sec13ViewController3.swift */,
			);
			path = Chapter13;
			sourceTree = "<group>";
		};
		C661D0BD25748DAE000AFD85 /* Chapter11 */ = {
			isa = PBXGroup;
			children = (
				C63DC01925528ABA009A624E /* Sec11ViewController.swift */,
			);
			path = Chapter11;
			sourceTree = "<group>";
		};
		C661D0BE25748DD1000AFD85 /* Chapter10まで */ = {
			isa = PBXGroup;
			children = (
				C608B9682546A55100098140 /* ClassSample.swift */,
				C603F368253023F70005F46F /* FunctionSample.swift */,
				C615B689252AEFD5008D3F0C /* AppDelegate.swift */,
				C615B68B252AEFD5008D3F0C /* SceneDelegate.swift */,
				C6174A482537C30E00C1CF8F /* ArraySample.swift */,
				C62581ED252EF247009C884C /* LoopOptionSample.swift */,
				C62581E8252EF18A009C884C /* WhileSample.swift */,
				C62581E3252EF0EC009C884C /* ForSample.swift */,
				C62581DE252EEF00009C884C /* OperatorSample.swift */,
				C62581D9252EED99009C884C /* IfSample.swift */,
				C62581D4252EEB65009C884C /* SwitchSample.swift */,
				C6226A192535383600E2B794 /* StringSample.swift */,
				C6174A4D2539432E00C1CF8F /* DictionarySample.swift */,
				C615A57D253E81640011B547 /* SetSample.swift */,
				C69BFA6A253FF8DD003DBF87 /* OptionalSample.swift */,
				C630E43C2547B2A300444C22 /* Circle.swift */,
				C630E4412547C0A200444C22 /* Player.swift */,
				C630E4492547D5DC00444C22 /* Car.swift */,
				C630E44E2547DA4000444C22 /* Game.swift */,
				C61431202549059600642F07 /* NewGame.swift */,
				C61431252549080900642F07 /* GameProtocol.swift */,
				C61431302549303200642F07 /* EnumSample.swift */,
				C6B1B59A254A9682008C6DC6 /* StructSample.swift */,
			);
			name = "Chapter10まで";
			path = "Chapter10まで";
			sourceTree = "<group>";
		};
		C661D0BF25748E42000AFD85 /* Chapter14 */ = {
			isa = PBXGroup;
			children = (
				C6B9A305256DF889001C4AF6 /* Sec14ViewController.swift */,
				C6B9A30A256E1293001C4AF6 /* Sec14ViewController2.swift */,
				C6B9A312256E13B4001C4AF6 /* WebListTableViewController.swift */,
				C6E27424256F6ABB00C35660 /* MyTabBarController.swift */,
			);
			path = Chapter14;
			sourceTree = "<group>";
		};
		C661D0D32574966E000AFD85 /* Chapter15 */ = {
			isa = PBXGroup;
			children = (
				C64251F32570B3B70088DB09 /* Sec15ViewController.swift */,
				C661D0D72574976E000AFD85 /* Sec15ViewController2.swift */,
				C661D0E82574ADF9000AFD85 /* Sec15ViewController3.swift */,
				C6151FFF2574BDE800DEAB0D /* Sec15ViewController4.swift */,
			);
			path = Chapter15;
			sourceTree = "<group>";
		};
		C683A6BB25788C4000EF8EDE /* Chapter18 */ = {
			isa = PBXGroup;
			children = (
				C683A6BC25788C6A00EF8EDE /* Sec18ViewController.swift */,
				C683A6C42578CA4500EF8EDE /* Sec18ViewController2.swift */,
				C6D8417B2579CD2700DC7AA9 /* Sec18ViewController3.swift */,
				C63084AC2579DB4E006B9F80 /* Sec18ViewController4.swift */,
				C644387E257F3F8700A6B7FB /* FileOperator.swift */,
			);
			path = Chapter18;
			sourceTree = "<group>";
		};
		C6C82E30257F45CB00F0E77C /* Chapter19-1 */ = {
			isa = PBXGroup;
			children = (
				C6C82E31257F461200F0E77C /* Sec19ViewController.swift */,
				C6C82E3F257F563400F0E77C /* Sec19ViewController2.swift */,
				C695A67025806C3200577503 /* Sec19ViewController3.swift */,
			);
			path = "Chapter19-1";
			sourceTree = "<group>";
		};
		C6EDFCED2577256600BE3623 /* Chapter16 */ = {
			isa = PBXGroup;
			children = (
				C6EDFCF1257725D700BE3623 /* Sec16ViewController.swift */,
				C60380262577321700466238 /* Sec16ViewController2.swift */,
				C673BBC025776341004C2EE0 /* Sec16ViewController3.swift */,
				C61B51E2257877FB0043A974 /* ColorDecider.swift */,
				C673BBC525776394004C2EE0 /* Sec16ViewController4.swift */,
			);
			path = Chapter16;
			sourceTree = "<group>";
		};
/* End PBXGroup section */

/* Begin PBXNativeTarget section */
		C615B685252AEFD4008D3F0C /* SwiftStudy */ = {
			isa = PBXNativeTarget;
			buildConfigurationList = C615B6B0252AEFD5008D3F0C /* Build configuration list for PBXNativeTarget "SwiftStudy" */;
			buildPhases = (
				C615B682252AEFD4008D3F0C /* Sources */,
				C615B683252AEFD4008D3F0C /* Frameworks */,
				C615B684252AEFD4008D3F0C /* Resources */,
			);
			buildRules = (
			);
			dependencies = (
			);
			name = SwiftStudy;
			productName = SwiftStudy;
			productReference = C615B686252AEFD5008D3F0C /* SwiftStudy.app */;
			productType = "com.apple.product-type.application";
		};
		C615B69B252AEFD5008D3F0C /* SwiftStudyTests */ = {
			isa = PBXNativeTarget;
			buildConfigurationList = C615B6B3252AEFD5008D3F0C /* Build configuration list for PBXNativeTarget "SwiftStudyTests" */;
			buildPhases = (
				C615B698252AEFD5008D3F0C /* Sources */,
				C615B699252AEFD5008D3F0C /* Frameworks */,
				C615B69A252AEFD5008D3F0C /* Resources */,
			);
			buildRules = (
			);
			dependencies = (
				C615B69E252AEFD5008D3F0C /* PBXTargetDependency */,
			);
			name = SwiftStudyTests;
			productName = SwiftStudyTests;
			productReference = C615B69C252AEFD5008D3F0C /* SwiftStudyTests.xctest */;
			productType = "com.apple.product-type.bundle.unit-test";
		};
		C615B6A6252AEFD5008D3F0C /* SwiftStudyUITests */ = {
			isa = PBXNativeTarget;
			buildConfigurationList = C615B6B6252AEFD5008D3F0C /* Build configuration list for PBXNativeTarget "SwiftStudyUITests" */;
			buildPhases = (
				C615B6A3252AEFD5008D3F0C /* Sources */,
				C615B6A4252AEFD5008D3F0C /* Frameworks */,
				C615B6A5252AEFD5008D3F0C /* Resources */,
			);
			buildRules = (
			);
			dependencies = (
				C615B6A9252AEFD5008D3F0C /* PBXTargetDependency */,
			);
			name = SwiftStudyUITests;
			productName = SwiftStudyUITests;
			productReference = C615B6A7252AEFD5008D3F0C /* SwiftStudyUITests.xctest */;
			productType = "com.apple.product-type.bundle.ui-testing";
		};
/* End PBXNativeTarget section */

/* Begin PBXProject section */
		C615B67E252AEFD4008D3F0C /* Project object */ = {
			isa = PBXProject;
			attributes = {
				LastSwiftUpdateCheck = 1200;
				LastUpgradeCheck = 1200;
				TargetAttributes = {
					C615B685252AEFD4008D3F0C = {
						CreatedOnToolsVersion = 12.0.1;
					};
					C615B69B252AEFD5008D3F0C = {
						CreatedOnToolsVersion = 12.0.1;
						TestTargetID = C615B685252AEFD4008D3F0C;
					};
					C615B6A6252AEFD5008D3F0C = {
						CreatedOnToolsVersion = 12.0.1;
						TestTargetID = C615B685252AEFD4008D3F0C;
					};
				};
			};
			buildConfigurationList = C615B681252AEFD4008D3F0C /* Build configuration list for PBXProject "SwiftStudy" */;
			compatibilityVersion = "Xcode 9.3";
			developmentRegion = en;
			hasScannedForEncodings = 0;
			knownRegions = (
				en,
				Base,
			);
			mainGroup = C615B67D252AEFD4008D3F0C;
			productRefGroup = C615B687252AEFD5008D3F0C /* Products */;
			projectDirPath = "";
			projectRoot = "";
			targets = (
				C615B685252AEFD4008D3F0C /* SwiftStudy */,
				C615B69B252AEFD5008D3F0C /* SwiftStudyTests */,
				C615B6A6252AEFD5008D3F0C /* SwiftStudyUITests */,
			);
		};
/* End PBXProject section */

/* Begin PBXResourcesBuildPhase section */
		C615B684252AEFD4008D3F0C /* Resources */ = {
			isa = PBXResourcesBuildPhase;
			buildActionMask = 2147483647;
			files = (
				C64251EF2570B2D30088DB09 /* Chapter15.storyboard in Resources */,
				C6EDFCE42577247700BE3623 /* Chapter16.storyboard in Resources */,
				C615B696252AEFD5008D3F0C /* LaunchScreen.storyboard in Resources */,
				C683A6B725788C0A00EF8EDE /* Chapter18.storyboard in Resources */,
				C64251CC25709B370088DB09 /* Chapter11.storyboard in Resources */,
				C64251D425709BBA0088DB09 /* Chapter12.storyboard in Resources */,
				C615B693252AEFD5008D3F0C /* Assets.xcassets in Resources */,
				C6C82E2C257F45A600F0E77C /* Chapter19-1.storyboard in Resources */,
				C64251D925709BF60088DB09 /* Chapter13.storyboard in Resources */,
				C64251DE25709C110088DB09 /* Chapter14.storyboard in Resources */,
				C615B691252AEFD5008D3F0C /* Main.storyboard in Resources */,
			);
			runOnlyForDeploymentPostprocessing = 0;
		};
		C615B69A252AEFD5008D3F0C /* Resources */ = {
			isa = PBXResourcesBuildPhase;
			buildActionMask = 2147483647;
			files = (
			);
			runOnlyForDeploymentPostprocessing = 0;
		};
		C615B6A5252AEFD5008D3F0C /* Resources */ = {
			isa = PBXResourcesBuildPhase;
			buildActionMask = 2147483647;
			files = (
			);
			runOnlyForDeploymentPostprocessing = 0;
		};
/* End PBXResourcesBuildPhase section */

/* Begin PBXSourcesBuildPhase section */
		C615B682252AEFD4008D3F0C /* Sources */ = {
			isa = PBXSourcesBuildPhase;
			buildActionMask = 2147483647;
			files = (
				C63084AD2579DB4E006B9F80 /* Sec18ViewController4.swift in Sources */,
				C63DC01A25528ABA009A624E /* Sec11ViewController.swift in Sources */,
				C630E43D2547B2A300444C22 /* Circle.swift in Sources */,
				C615B68E252AEFD5008D3F0C /* ViewController.swift in Sources */,
				C6C0D05825621FC3006E2195 /* Sec13ViewController3.swift in Sources */,
				C62581DA252EED99009C884C /* IfSample.swift in Sources */,
				C6B9A306256DF889001C4AF6 /* Sec14ViewController.swift in Sources */,
				C6B9A30B256E1293001C4AF6 /* Sec14ViewController2.swift in Sources */,
				C6978DD52563653300172DDA /* Sec13ViewController6.swift in Sources */,
				C661D0E92574ADF9000AFD85 /* Sec15ViewController3.swift in Sources */,
				C673BBC125776341004C2EE0 /* Sec16ViewController3.swift in Sources */,
				C615A57E253E81640011B547 /* SetSample.swift in Sources */,
				C6266922255E60A9003B6E28 /* Sec13ViewController2.swift in Sources */,
				C673BBC625776394004C2EE0 /* Sec16ViewController4.swift in Sources */,
				C6B1B59B254A9682008C6DC6 /* StructSample.swift in Sources */,
				C62581E4252EF0EC009C884C /* ForSample.swift in Sources */,
				C630E44F2547DA4000444C22 /* Game.swift in Sources */,
				C61520002574BDE800DEAB0D /* Sec15ViewController4.swift in Sources */,
				C608B9692546A55100098140 /* ClassSample.swift in Sources */,
				C683A6C52578CA4500EF8EDE /* Sec18ViewController2.swift in Sources */,
				C614EDBC255CFAD10047920D /* Sec13ViewController.swift in Sources */,
				C62581D5252EEB65009C884C /* SwitchSample.swift in Sources */,
				C6E27425256F6ABB00C35660 /* MyTabBarController.swift in Sources */,
				C615B68A252AEFD5008D3F0C /* AppDelegate.swift in Sources */,
				C61B51E3257877FB0043A974 /* ColorDecider.swift in Sources */,
				C6C82E40257F563400F0E77C /* Sec19ViewController2.swift in Sources */,
				C61431262549080900642F07 /* GameProtocol.swift in Sources */,
				C630E4422547C0A200444C22 /* Player.swift in Sources */,
				C6260CF62565006D00167D5F /* Sec13ViewController8.swift in Sources */,
				C6DD4D5A255A258000714A56 /* Sec12ViewController4.swift in Sources */,
				C64251F42570B3B70088DB09 /* Sec15ViewController.swift in Sources */,
				C644387F257F3F8700A6B7FB /* FileOperator.swift in Sources */,
				C6EDFCF2257725D700BE3623 /* Sec16ViewController.swift in Sources */,
				C699C6C52553B96000D5EC92 /* Sec12ViewController.swift in Sources */,
				C699C6CA2553D59A00D5EC92 /* Sec12ViewController2.swift in Sources */,
				C62581EE252EF247009C884C /* LoopOptionSample.swift in Sources */,
				C6226A1A2535383600E2B794 /* StringSample.swift in Sources */,
				C615B68C252AEFD5008D3F0C /* SceneDelegate.swift in Sources */,
				C603F369253023F70005F46F /* FunctionSample.swift in Sources */,
				C60380272577321700466238 /* Sec16ViewController2.swift in Sources */,
				C6C0D05D25623B94006E2195 /* Sec13ViewController4.swift in Sources */,
				C6C82E32257F461200F0E77C /* Sec19ViewController.swift in Sources */,
				C6174A4E2539432E00C1CF8F /* DictionarySample.swift in Sources */,
				C61431212549059600642F07 /* NewGame.swift in Sources */,
				C61431312549303200642F07 /* EnumSample.swift in Sources */,
				C69BFA6B253FF8DD003DBF87 /* OptionalSample.swift in Sources */,
				C6D8417C2579CD2700DC7AA9 /* Sec18ViewController3.swift in Sources */,
				C6B9A313256E13B4001C4AF6 /* WebListTableViewController.swift in Sources */,
				C695A67125806C3200577503 /* Sec19ViewController3.swift in Sources */,
				C6174A492537C30E00C1CF8F /* ArraySample.swift in Sources */,
				C661D0D82574976E000AFD85 /* Sec15ViewController2.swift in Sources */,
				C6DD4D62255A385500714A56 /* BorderedLabel.swift in Sources */,
				C630E44A2547D5DC00444C22 /* Car.swift in Sources */,
				C67833DC2554E3F000DE7E54 /* Sec12ViewController3.swift in Sources */,
				C6C0D065256249D6006E2195 /* Sec13ViewController5.swift in Sources */,
				C683A6BD25788C6A00EF8EDE /* Sec18ViewController.swift in Sources */,
				C62581DF252EEF00009C884C /* OperatorSample.swift in Sources */,
				C62581E9252EF18A009C884C /* WhileSample.swift in Sources */,
			);
			runOnlyForDeploymentPostprocessing = 0;
		};
		C615B698252AEFD5008D3F0C /* Sources */ = {
			isa = PBXSourcesBuildPhase;
			buildActionMask = 2147483647;
			files = (
				C6226A1F253541D400E2B794 /* FunctionSampleTest.swift in Sources */,
				C6226A2625354AE400E2B794 /* FunctionSample.swift in Sources */,
				105D4D94253539480062B0E3 /* OperatorSampleTests.swift in Sources */,
				105D4D982535394F0062B0E3 /* OperatorSample.swift in Sources */,
				C61B51D825786EEA0043A974 /* ColorDeciderTest.swift in Sources */,
				C61B51E4257877FB0043A974 /* ColorDecider.swift in Sources */,
				C61B51D225786E920043A974 /* Sec16ViewController3.swift in Sources */,
			);
			runOnlyForDeploymentPostprocessing = 0;
		};
		C615B6A3252AEFD5008D3F0C /* Sources */ = {
			isa = PBXSourcesBuildPhase;
			buildActionMask = 2147483647;
			files = (
				C615B6AC252AEFD5008D3F0C /* SwiftStudyUITests.swift in Sources */,
			);
			runOnlyForDeploymentPostprocessing = 0;
		};
/* End PBXSourcesBuildPhase section */

/* Begin PBXTargetDependency section */
		C615B69E252AEFD5008D3F0C /* PBXTargetDependency */ = {
			isa = PBXTargetDependency;
			target = C615B685252AEFD4008D3F0C /* SwiftStudy */;
			targetProxy = C615B69D252AEFD5008D3F0C /* PBXContainerItemProxy */;
		};
		C615B6A9252AEFD5008D3F0C /* PBXTargetDependency */ = {
			isa = PBXTargetDependency;
			target = C615B685252AEFD4008D3F0C /* SwiftStudy */;
			targetProxy = C615B6A8252AEFD5008D3F0C /* PBXContainerItemProxy */;
		};
/* End PBXTargetDependency section */

/* Begin PBXVariantGroup section */
		C615B68F252AEFD5008D3F0C /* Main.storyboard */ = {
			isa = PBXVariantGroup;
			children = (
				C615B690252AEFD5008D3F0C /* Base */,
			);
			name = Main.storyboard;
			sourceTree = "<group>";
		};
		C615B694252AEFD5008D3F0C /* LaunchScreen.storyboard */ = {
			isa = PBXVariantGroup;
			children = (
				C615B695252AEFD5008D3F0C /* Base */,
			);
			name = LaunchScreen.storyboard;
			sourceTree = "<group>";
		};
/* End PBXVariantGroup section */

/* Begin XCBuildConfiguration section */
		C615B6AE252AEFD5008D3F0C /* Debug */ = {
			isa = XCBuildConfiguration;
			buildSettings = {
				ALWAYS_SEARCH_USER_PATHS = NO;
				CLANG_ANALYZER_NONNULL = YES;
				CLANG_ANALYZER_NUMBER_OBJECT_CONVERSION = YES_AGGRESSIVE;
				CLANG_CXX_LANGUAGE_STANDARD = "gnu++14";
				CLANG_CXX_LIBRARY = "libc++";
				CLANG_ENABLE_MODULES = YES;
				CLANG_ENABLE_OBJC_ARC = YES;
				CLANG_ENABLE_OBJC_WEAK = YES;
				CLANG_WARN_BLOCK_CAPTURE_AUTORELEASING = YES;
				CLANG_WARN_BOOL_CONVERSION = YES;
				CLANG_WARN_COMMA = YES;
				CLANG_WARN_CONSTANT_CONVERSION = YES;
				CLANG_WARN_DEPRECATED_OBJC_IMPLEMENTATIONS = YES;
				CLANG_WARN_DIRECT_OBJC_ISA_USAGE = YES_ERROR;
				CLANG_WARN_DOCUMENTATION_COMMENTS = YES;
				CLANG_WARN_EMPTY_BODY = YES;
				CLANG_WARN_ENUM_CONVERSION = YES;
				CLANG_WARN_INFINITE_RECURSION = YES;
				CLANG_WARN_INT_CONVERSION = YES;
				CLANG_WARN_NON_LITERAL_NULL_CONVERSION = YES;
				CLANG_WARN_OBJC_IMPLICIT_RETAIN_SELF = YES;
				CLANG_WARN_OBJC_LITERAL_CONVERSION = YES;
				CLANG_WARN_OBJC_ROOT_CLASS = YES_ERROR;
				CLANG_WARN_QUOTED_INCLUDE_IN_FRAMEWORK_HEADER = YES;
				CLANG_WARN_RANGE_LOOP_ANALYSIS = YES;
				CLANG_WARN_STRICT_PROTOTYPES = YES;
				CLANG_WARN_SUSPICIOUS_MOVE = YES;
				CLANG_WARN_UNGUARDED_AVAILABILITY = YES_AGGRESSIVE;
				CLANG_WARN_UNREACHABLE_CODE = YES;
				CLANG_WARN__DUPLICATE_METHOD_MATCH = YES;
				COPY_PHASE_STRIP = NO;
				DEBUG_INFORMATION_FORMAT = dwarf;
				ENABLE_STRICT_OBJC_MSGSEND = YES;
				ENABLE_TESTABILITY = YES;
				GCC_C_LANGUAGE_STANDARD = gnu11;
				GCC_DYNAMIC_NO_PIC = NO;
				GCC_NO_COMMON_BLOCKS = YES;
				GCC_OPTIMIZATION_LEVEL = 0;
				GCC_PREPROCESSOR_DEFINITIONS = (
					"DEBUG=1",
					"$(inherited)",
				);
				GCC_WARN_64_TO_32_BIT_CONVERSION = YES;
				GCC_WARN_ABOUT_RETURN_TYPE = YES_ERROR;
				GCC_WARN_UNDECLARED_SELECTOR = YES;
				GCC_WARN_UNINITIALIZED_AUTOS = YES_AGGRESSIVE;
				GCC_WARN_UNUSED_FUNCTION = YES;
				GCC_WARN_UNUSED_VARIABLE = YES;
				IPHONEOS_DEPLOYMENT_TARGET = 14.2;
				MTL_ENABLE_DEBUG_INFO = INCLUDE_SOURCE;
				MTL_FAST_MATH = YES;
				ONLY_ACTIVE_ARCH = YES;
				SDKROOT = iphoneos;
				SWIFT_ACTIVE_COMPILATION_CONDITIONS = DEBUG;
				SWIFT_OPTIMIZATION_LEVEL = "-Onone";
			};
			name = Debug;
		};
		C615B6AF252AEFD5008D3F0C /* Release */ = {
			isa = XCBuildConfiguration;
			buildSettings = {
				ALWAYS_SEARCH_USER_PATHS = NO;
				CLANG_ANALYZER_NONNULL = YES;
				CLANG_ANALYZER_NUMBER_OBJECT_CONVERSION = YES_AGGRESSIVE;
				CLANG_CXX_LANGUAGE_STANDARD = "gnu++14";
				CLANG_CXX_LIBRARY = "libc++";
				CLANG_ENABLE_MODULES = YES;
				CLANG_ENABLE_OBJC_ARC = YES;
				CLANG_ENABLE_OBJC_WEAK = YES;
				CLANG_WARN_BLOCK_CAPTURE_AUTORELEASING = YES;
				CLANG_WARN_BOOL_CONVERSION = YES;
				CLANG_WARN_COMMA = YES;
				CLANG_WARN_CONSTANT_CONVERSION = YES;
				CLANG_WARN_DEPRECATED_OBJC_IMPLEMENTATIONS = YES;
				CLANG_WARN_DIRECT_OBJC_ISA_USAGE = YES_ERROR;
				CLANG_WARN_DOCUMENTATION_COMMENTS = YES;
				CLANG_WARN_EMPTY_BODY = YES;
				CLANG_WARN_ENUM_CONVERSION = YES;
				CLANG_WARN_INFINITE_RECURSION = YES;
				CLANG_WARN_INT_CONVERSION = YES;
				CLANG_WARN_NON_LITERAL_NULL_CONVERSION = YES;
				CLANG_WARN_OBJC_IMPLICIT_RETAIN_SELF = YES;
				CLANG_WARN_OBJC_LITERAL_CONVERSION = YES;
				CLANG_WARN_OBJC_ROOT_CLASS = YES_ERROR;
				CLANG_WARN_QUOTED_INCLUDE_IN_FRAMEWORK_HEADER = YES;
				CLANG_WARN_RANGE_LOOP_ANALYSIS = YES;
				CLANG_WARN_STRICT_PROTOTYPES = YES;
				CLANG_WARN_SUSPICIOUS_MOVE = YES;
				CLANG_WARN_UNGUARDED_AVAILABILITY = YES_AGGRESSIVE;
				CLANG_WARN_UNREACHABLE_CODE = YES;
				CLANG_WARN__DUPLICATE_METHOD_MATCH = YES;
				COPY_PHASE_STRIP = NO;
				DEBUG_INFORMATION_FORMAT = "dwarf-with-dsym";
				ENABLE_NS_ASSERTIONS = NO;
				ENABLE_STRICT_OBJC_MSGSEND = YES;
				GCC_C_LANGUAGE_STANDARD = gnu11;
				GCC_NO_COMMON_BLOCKS = YES;
				GCC_WARN_64_TO_32_BIT_CONVERSION = YES;
				GCC_WARN_ABOUT_RETURN_TYPE = YES_ERROR;
				GCC_WARN_UNDECLARED_SELECTOR = YES;
				GCC_WARN_UNINITIALIZED_AUTOS = YES_AGGRESSIVE;
				GCC_WARN_UNUSED_FUNCTION = YES;
				GCC_WARN_UNUSED_VARIABLE = YES;
				IPHONEOS_DEPLOYMENT_TARGET = 14.2;
				MTL_ENABLE_DEBUG_INFO = NO;
				MTL_FAST_MATH = YES;
				SDKROOT = iphoneos;
				SWIFT_COMPILATION_MODE = wholemodule;
				SWIFT_OPTIMIZATION_LEVEL = "-O";
				VALIDATE_PRODUCT = YES;
			};
			name = Release;
		};
		C615B6B1252AEFD5008D3F0C /* Debug */ = {
			isa = XCBuildConfiguration;
			buildSettings = {
				ASSETCATALOG_COMPILER_APPICON_NAME = AppIcon;
				ASSETCATALOG_COMPILER_GLOBAL_ACCENT_COLOR_NAME = AccentColor;
				CODE_SIGN_STYLE = Automatic;
				DEVELOPMENT_TEAM = HB459W4W3X;
				INFOPLIST_FILE = SwiftStudy/Info.plist;
				LD_RUNPATH_SEARCH_PATHS = (
					"$(inherited)",
					"@executable_path/Frameworks",
				);
				PRODUCT_BUNDLE_IDENTIFIER = "github-SaganoHikaru.SwiftStudy";
				PRODUCT_NAME = "$(TARGET_NAME)";
				SWIFT_VERSION = 5.0;
				TARGETED_DEVICE_FAMILY = "1,2";
			};
			name = Debug;
		};
		C615B6B2252AEFD5008D3F0C /* Release */ = {
			isa = XCBuildConfiguration;
			buildSettings = {
				ASSETCATALOG_COMPILER_APPICON_NAME = AppIcon;
				ASSETCATALOG_COMPILER_GLOBAL_ACCENT_COLOR_NAME = AccentColor;
				CODE_SIGN_STYLE = Automatic;
				DEVELOPMENT_TEAM = HB459W4W3X;
				INFOPLIST_FILE = SwiftStudy/Info.plist;
				LD_RUNPATH_SEARCH_PATHS = (
					"$(inherited)",
					"@executable_path/Frameworks",
				);
				PRODUCT_BUNDLE_IDENTIFIER = "github-SaganoHikaru.SwiftStudy";
				PRODUCT_NAME = "$(TARGET_NAME)";
				SWIFT_VERSION = 5.0;
				TARGETED_DEVICE_FAMILY = "1,2";
			};
			name = Release;
		};
		C615B6B4252AEFD5008D3F0C /* Debug */ = {
			isa = XCBuildConfiguration;
			buildSettings = {
				ALWAYS_EMBED_SWIFT_STANDARD_LIBRARIES = YES;
				BUNDLE_LOADER = "$(TEST_HOST)";
				CODE_SIGN_STYLE = Automatic;
				DEVELOPMENT_TEAM = HB459W4W3X;
				INFOPLIST_FILE = SwiftStudyTests/Info.plist;
				IPHONEOS_DEPLOYMENT_TARGET = 14.0;
				LD_RUNPATH_SEARCH_PATHS = (
					"$(inherited)",
					"@executable_path/Frameworks",
					"@loader_path/Frameworks",
				);
				PRODUCT_BUNDLE_IDENTIFIER = "github-SaganoHikaru.SwiftStudyTests";
				PRODUCT_NAME = "$(TARGET_NAME)";
				SWIFT_VERSION = 5.0;
				TARGETED_DEVICE_FAMILY = "1,2";
				TEST_HOST = "$(BUILT_PRODUCTS_DIR)/SwiftStudy.app/SwiftStudy";
			};
			name = Debug;
		};
		C615B6B5252AEFD5008D3F0C /* Release */ = {
			isa = XCBuildConfiguration;
			buildSettings = {
				ALWAYS_EMBED_SWIFT_STANDARD_LIBRARIES = YES;
				BUNDLE_LOADER = "$(TEST_HOST)";
				CODE_SIGN_STYLE = Automatic;
				DEVELOPMENT_TEAM = HB459W4W3X;
				INFOPLIST_FILE = SwiftStudyTests/Info.plist;
				IPHONEOS_DEPLOYMENT_TARGET = 14.0;
				LD_RUNPATH_SEARCH_PATHS = (
					"$(inherited)",
					"@executable_path/Frameworks",
					"@loader_path/Frameworks",
				);
				PRODUCT_BUNDLE_IDENTIFIER = "github-SaganoHikaru.SwiftStudyTests";
				PRODUCT_NAME = "$(TARGET_NAME)";
				SWIFT_VERSION = 5.0;
				TARGETED_DEVICE_FAMILY = "1,2";
				TEST_HOST = "$(BUILT_PRODUCTS_DIR)/SwiftStudy.app/SwiftStudy";
			};
			name = Release;
		};
		C615B6B7252AEFD5008D3F0C /* Debug */ = {
			isa = XCBuildConfiguration;
			buildSettings = {
				ALWAYS_EMBED_SWIFT_STANDARD_LIBRARIES = YES;
				CODE_SIGN_STYLE = Automatic;
				DEVELOPMENT_TEAM = HB459W4W3X;
				INFOPLIST_FILE = SwiftStudyUITests/Info.plist;
				LD_RUNPATH_SEARCH_PATHS = (
					"$(inherited)",
					"@executable_path/Frameworks",
					"@loader_path/Frameworks",
				);
				PRODUCT_BUNDLE_IDENTIFIER = "github-SaganoHikaru.SwiftStudyUITests";
				PRODUCT_NAME = "$(TARGET_NAME)";
				SWIFT_VERSION = 5.0;
				TARGETED_DEVICE_FAMILY = "1,2";
				TEST_TARGET_NAME = SwiftStudy;
			};
			name = Debug;
		};
		C615B6B8252AEFD5008D3F0C /* Release */ = {
			isa = XCBuildConfiguration;
			buildSettings = {
				ALWAYS_EMBED_SWIFT_STANDARD_LIBRARIES = YES;
				CODE_SIGN_STYLE = Automatic;
				DEVELOPMENT_TEAM = HB459W4W3X;
				INFOPLIST_FILE = SwiftStudyUITests/Info.plist;
				LD_RUNPATH_SEARCH_PATHS = (
					"$(inherited)",
					"@executable_path/Frameworks",
					"@loader_path/Frameworks",
				);
				PRODUCT_BUNDLE_IDENTIFIER = "github-SaganoHikaru.SwiftStudyUITests";
				PRODUCT_NAME = "$(TARGET_NAME)";
				SWIFT_VERSION = 5.0;
				TARGETED_DEVICE_FAMILY = "1,2";
				TEST_TARGET_NAME = SwiftStudy;
			};
			name = Release;
		};
/* End XCBuildConfiguration section */

/* Begin XCConfigurationList section */
		C615B681252AEFD4008D3F0C /* Build configuration list for PBXProject "SwiftStudy" */ = {
			isa = XCConfigurationList;
			buildConfigurations = (
				C615B6AE252AEFD5008D3F0C /* Debug */,
				C615B6AF252AEFD5008D3F0C /* Release */,
			);
			defaultConfigurationIsVisible = 0;
			defaultConfigurationName = Release;
		};
		C615B6B0252AEFD5008D3F0C /* Build configuration list for PBXNativeTarget "SwiftStudy" */ = {
			isa = XCConfigurationList;
			buildConfigurations = (
				C615B6B1252AEFD5008D3F0C /* Debug */,
				C615B6B2252AEFD5008D3F0C /* Release */,
			);
			defaultConfigurationIsVisible = 0;
			defaultConfigurationName = Release;
		};
		C615B6B3252AEFD5008D3F0C /* Build configuration list for PBXNativeTarget "SwiftStudyTests" */ = {
			isa = XCConfigurationList;
			buildConfigurations = (
				C615B6B4252AEFD5008D3F0C /* Debug */,
				C615B6B5252AEFD5008D3F0C /* Release */,
			);
			defaultConfigurationIsVisible = 0;
			defaultConfigurationName = Release;
		};
		C615B6B6252AEFD5008D3F0C /* Build configuration list for PBXNativeTarget "SwiftStudyUITests" */ = {
			isa = XCConfigurationList;
			buildConfigurations = (
				C615B6B7252AEFD5008D3F0C /* Debug */,
				C615B6B8252AEFD5008D3F0C /* Release */,
			);
			defaultConfigurationIsVisible = 0;
			defaultConfigurationName = Release;
		};
/* End XCConfigurationList section */
	};
	rootObject = C615B67E252AEFD4008D3F0C /* Project object */;
}
